
Microsoft Visual Studio Solution File, Format Version 12.00
# Visual Studio Version 17
VisualStudioVersion = 17.6.33706.43
MinimumVisualStudioVersion = 10.0.40219.1
Project("{FAE04EC0-301F-11D3-BF4B-00C04F79EFBC}") = "gestion d une pharmacie", "gestion d une pharmacie\gestion d une pharmacie.csproj", "{A27E5A55-0E61-4A38-9CAF-E30498AC1E37}"
EndProject
Global
	GlobalSection(SolutionConfigurationPlatforms) = preSolution
		Debug|Any CPU = Debug|Any CPU
		Release|Any CPU = Release|Any CPU
	EndGlobalSection
	GlobalSection(ProjectConfigurationPlatforms) = postSolution
		{A27E5A55-0E61-4A38-9CAF-E30498AC1E37}.Debug|Any CPU.ActiveCfg = Debug|Any CPU
		{A27E5A55-0E61-4A38-9CAF-E30498AC1E37}.Debug|Any CPU.Build.0 = Debug|Any CPU
		{A27E5A55-0E61-4A38-9CAF-E30498AC1E37}.Release|Any CPU.ActiveCfg = Release|Any CPU
		{A27E5A55-0E61-4A38-9CAF-E30498AC1E37}.Release|Any CPU.Build.0 = Release|Any CPU
	EndGlobalSection
	GlobalSection(SolutionProperties) = preSolution
		HideSolutionNode = FALSE
	EndGlobalSection
	GlobalSection(ExtensibilityGlobals) = postSolution
		SolutionGuid = {5F52B574-8506-4B91-825F-372B333F3644}
	EndGlobalSection
EndGlobal
